
Microsoft Visual Studio Solution File, Format Version 12.00
# Visual Studio 15
VisualStudioVersion = 15.0.27004.2006
MinimumVisualStudioVersion = 10.0.40219.1
Project("{FAE04EC0-301F-11D3-BF4B-00C04F79EFBC}") = "MiniERP", "MiniERP\MiniERP.csproj", "{4076404E-3748-4C37-B6E4-0F18E83C5640}"
EndProject
Global
	GlobalSection(SolutionConfigurationPlatforms) = preSolution
		Debug|Any CPU = Debug|Any CPU
		Release|Any CPU = Release|Any CPU
	EndGlobalSection
	GlobalSection(ProjectConfigurationPlatforms) = postSolution
		{4076404E-3748-4C37-B6E4-0F18E83C5640}.Debug|Any CPU.ActiveCfg = Debug|Any CPU
		{4076404E-3748-4C37-B6E4-0F18E83C5640}.Debug|Any CPU.Build.0 = Debug|Any CPU
		{4076404E-3748-4C37-B6E4-0F18E83C5640}.Release|Any CPU.ActiveCfg = Release|Any CPU
		{4076404E-3748-4C37-B6E4-0F18E83C5640}.Release|Any CPU.Build.0 = Release|Any CPU
	EndGlobalSection
	GlobalSection(SolutionProperties) = preSolution
		HideSolutionNode = FALSE
	EndGlobalSection
	GlobalSection(ExtensibilityGlobals) = postSolution
		SolutionGuid = {CFC6A6BA-7D93-4C3A-BA09-F3EE716E4974}
	EndGlobalSection
EndGlobal
